// !$*UTF8*$!
{
	archiveVersion = 1;
	classes = {
	};
	objectVersion = 50;
	objects = {

/* Begin PBXBuildFile section */
		27E06570240DFD7E00BDA1FE /* AppDelegate.swift in Sources */ = {isa = PBXBuildFile; fileRef = 27E0656F240DFD7E00BDA1FE /* AppDelegate.swift */; };
		27E06572240DFD7E00BDA1FE /* SceneDelegate.swift in Sources */ = {isa = PBXBuildFile; fileRef = 27E06571240DFD7E00BDA1FE /* SceneDelegate.swift */; };
		27E06574240DFD7E00BDA1FE /* ContentView.swift in Sources */ = {isa = PBXBuildFile; fileRef = 27E06573240DFD7E00BDA1FE /* ContentView.swift */; };
		27E06576240DFD8000BDA1FE /* Assets.xcassets in Resources */ = {isa = PBXBuildFile; fileRef = 27E06575240DFD8000BDA1FE /* Assets.xcassets */; };
		27E06579240DFD8000BDA1FE /* Preview Assets.xcassets in Resources */ = {isa = PBXBuildFile; fileRef = 27E06578240DFD8000BDA1FE /* Preview Assets.xcassets */; };
		27E0657C240DFD8000BDA1FE /* LaunchScreen.storyboard in Resources */ = {isa = PBXBuildFile; fileRef = 27E0657A240DFD8000BDA1FE /* LaunchScreen.storyboard */; };
/* End PBXBuildFile section */

/* Begin PBXFileReference section */
		27E0656C240DFD7E00BDA1FE /* TextFielExample.app */ = {isa = PBXFileReference; explicitFileType = wrapper.application; includeInIndex = 0; path = TextFielExample.app; sourceTree = BUILT_PRODUCTS_DIR; };
		27E0656F240DFD7E00BDA1FE /* AppDelegate.swift */ = {isa = PBXFileReference; lastKnownFileType = sourcecode.swift; path = AppDelegate.swift; sourceTree = "<group>"; };
		27E06571240DFD7E00BDA1FE /* SceneDelegate.swift */ = {isa = PBXFileReference; lastKnownFileType = sourcecode.swift; path = SceneDelegate.swift; sourceTree = "<group>"; };
		27E06573240DFD7E00BDA1FE /* ContentView.swift */ = {isa = PBXFileReference; lastKnownFileType = sourcecode.swift; path = ContentView.swift; sourceTree = "<group>"; };
		27E06575240DFD8000BDA1FE /* Assets.xcassets */ = {isa = PBXFileReference; lastKnownFileType = folder.assetcatalog; path = Assets.xcassets; sourceTree = "<group>"; };
		27E06578240DFD8000BDA1FE /* Preview Assets.xcassets */ = {isa = PBXFileReference; lastKnownFileType = folder.assetcatalog; path = "Preview Assets.xcassets"; sourceTree = "<group>"; };
		27E0657B240DFD8000BDA1FE /* Base */ = {isa = PBXFileReference; lastKnownFileType = file.storyboard; name = Base; path = Base.lproj/LaunchScreen.storyboard; sourceTree = "<group>"; };
		27E0657D240DFD8000BDA1FE /* Info.plist */ = {isa = PBXFileReference; lastKnownFileType = text.plist.xml; path = Info.plist; sourceTree = "<group>"; };
/* End PBXFileReference section */

/* Begin PBXFrameworksBuildPhase section */
		27E06569240DFD7E00BDA1FE /* Frameworks */ = {
			isa = PBXFrameworksBuildPhase;
			buildActionMask = 2147483647;
			files = (
			);
			runOnlyForDeploymentPostprocessing = 0;
		};
/* End PBXFrameworksBuildPhase section */

/* Begin PBXGroup section */
		27E06563240DFD7E00BDA1FE = {
			isa = PBXGroup;
			children = (
				27E0656E240DFD7E00BDA1FE /* TextFielExample */,
				27E0656D240DFD7E00BDA1FE /* Products */,
			);
			sourceTree = "<group>";
		};
		27E0656D240DFD7E00BDA1FE /* Products */ = {
			isa = PBXGroup;
			children = (
				27E0656C240DFD7E00BDA1FE /* TextFielExample.app */,
			);
			name = Products;
			sourceTree = "<group>";
		};
		27E0656E240DFD7E00BDA1FE /* TextFielExample */ = {
			isa = PBXGroup;
			children = (
				27E0656F240DFD7E00BDA1FE /* AppDelegate.swift */,
				27E06571240DFD7E00BDA1FE /* SceneDelegate.swift */,
				27E06573240DFD7E00BDA1FE /* ContentView.swift */,
				27E06575240DFD8000BDA1FE /* Assets.xcassets */,
				27E0657A240DFD8000BDA1FE /* LaunchScreen.storyboard */,
				27E0657D240DFD8000BDA1FE /* Info.plist */,
				27E06577240DFD8000BDA1FE /* Preview Content */,
			);
			path = TextFielExample;
			sourceTree = "<group>";
		};
		27E06577240DFD8000BDA1FE /* Preview Content */ = {
			isa = PBXGroup;
			children = (
				27E06578240DFD8000BDA1FE /* Preview Assets.xcassets */,
			);
			path = "Preview Content";
			sourceTree = "<group>";
		};
/* End PBXGroup section */

/* Begin PBXNativeTarget section */
		27E0656B240DFD7E00BDA1FE /* TextFielExample */ = {
			isa = PBXNativeTarget;
			buildConfigurationList = 27E06580240DFD8000BDA1FE /* Build configuration list for PBXNativeTarget "TextFielExample" */;
			buildPhases = (
				27E06568240DFD7E00BDA1FE /* Sources */,
				27E06569240DFD7E00BDA1FE /* Frameworks */,
				27E0656A240DFD7E00BDA1FE /* Resources */,
			);
			buildRules = (
			);
			dependencies = (
			);
			name = TextFielExample;
			productName = TextFielExample;
			productReference = 27E0656C240DFD7E00BDA1FE /* TextFielExample.app */;
			productType = "com.apple.product-type.application";
		};
/* End PBXNativeTarget section */

/* Begin PBXProject section */
		27E06564240DFD7E00BDA1FE /* Project object */ = {
			isa = PBXProject;
			attributes = {
				LastSwiftUpdateCheck = 1130;
				LastUpgradeCheck = 1130;
				ORGANIZATIONNAME = "Jorge Casariego";
				TargetAttributes = {
					27E0656B240DFD7E00BDA1FE = {
						CreatedOnToolsVersion = 11.3.1;
					};
				};
			};
			buildConfigurationList = 27E06567240DFD7E00BDA1FE /* Build configuration list for PBXProject "TextFielExample" */;
			compatibilityVersion = "Xcode 9.3";
			developmentRegion = en;
			hasScannedForEncodings = 0;
			knownRegions = (
				en,
				Base,
			);
			mainGroup = 27E06563240DFD7E00BDA1FE;
			productRefGroup = 27E0656D240DFD7E00BDA1FE /* Products */;
			projectDirPath = "";
			projectRoot = "";
			targets = (
				27E0656B240DFD7E00BDA1FE /* TextFielExample */,
			);
		};
/* End PBXProject section */

/* Begin PBXResourcesBuildPhase section */
		27E0656A240DFD7E00BDA1FE /* Resources */ = {
			isa = PBXResourcesBuildPhase;
			buildActionMask = 2147483647;
			files = (
				27E0657C240DFD8000BDA1FE /* LaunchScreen.storyboard in Resources */,
				27E06579240DFD8000BDA1FE /* Preview Assets.xcassets in Resources */,
				27E06576240DFD8000BDA1FE /* Assets.xcassets in Resources */,
			);
			runOnlyForDeploymentPostprocessing = 0;
		};
/* End PBXResourcesBuildPhase section */

/* Begin PBXSourcesBuildPhase section */
		27E06568240DFD7E00BDA1FE /* Sources */ = {
			isa = PBXSourcesBuildPhase;
			buildActionMask = 2147483647;
			files = (
				27E06570240DFD7E00BDA1FE /* AppDelegate.swift in Sources */,
				27E06572240DFD7E00BDA1FE /* SceneDelegate.swift in Sources */,
				27E06574240DFD7E00BDA1FE /* ContentView.swift in Sources */,
			);
			runOnlyForDeploymentPostprocessing = 0;
		};
/* End PBXSourcesBuildPhase section */

/* Begin PBXVariantGroup section */
		27E0657A240DFD8000BDA1FE /* LaunchScreen.storyboard */ = {
			isa = PBXVariantGroup;
			children = (
				27E0657B240DFD8000BDA1FE /* Base */,
			);
			name = LaunchScreen.storyboard;
			sourceTree = "<group>";
		};
/* End PBXVariantGroup section */

/* Begin XCBuildConfiguration section */
		27E0657E240DFD8000BDA1FE /* Debug */ = {
			isa = XCBuildConfiguration;
			buildSettings = {
				ALWAYS_SEARCH_USER_PATHS = NO;
				CLANG_ANALYZER_NONNULL = YES;
				CLANG_ANALYZER_NUMBER_OBJECT_CONVERSION = YES_AGGRESSIVE;
				CLANG_CXX_LANGUAGE_STANDARD = "gnu++14";
				CLANG_CXX_LIBRARY = "libc++";
				CLANG_ENABLE_MODULES = YES;
				CLANG_ENABLE_OBJC_ARC = YES;
				CLANG_ENABLE_OBJC_WEAK = YES;
				CLANG_WARN_BLOCK_CAPTURE_AUTORELEASING = YES;
				CLANG_WARN_BOOL_CONVERSION = YES;
				CLANG_WARN_COMMA = YES;
				CLANG_WARN_CONSTANT_CONVERSION = YES;
				CLANG_WARN_DEPRECATED_OBJC_IMPLEMENTATIONS = YES;
				CLANG_WARN_DIRECT_OBJC_ISA_USAGE = YES_ERROR;
				CLANG_WARN_DOCUMENTATION_COMMENTS = YES;
				CLANG_WARN_EMPTY_BODY = YES;
				CLANG_WARN_ENUM_CONVERSION = YES;
				CLANG_WARN_INFINITE_RECURSION = YES;
				CLANG_WARN_INT_CONVERSION = YES;
				CLANG_WARN_NON_LITERAL_NULL_CONVERSION = YES;
				CLANG_WARN_OBJC_IMPLICIT_RETAIN_SELF = YES;
				CLANG_WARN_OBJC_LITERAL_CONVERSION = YES;
				CLANG_WARN_OBJC_ROOT_CLASS = YES_ERROR;
				CLANG_WARN_RANGE_LOOP_ANALYSIS = YES;
				CLANG_WARN_STRICT_PROTOTYPES = YES;
				CLANG_WARN_SUSPICIOUS_MOVE = YES;
				CLANG_WARN_UNGUARDED_AVAILABILITY = YES_AGGRESSIVE;
				CLANG_WARN_UNREACHABLE_CODE = YES;
				CLANG_WARN__DUPLICATE_METHOD_MATCH = YES;
				COPY_PHASE_STRIP = NO;
				DEBUG_INFORMATION_FORMAT = dwarf;
				ENABLE_STRICT_OBJC_MSGSEND = YES;
				ENABLE_TESTABILITY = YES;
				GCC_C_LANGUAGE_STANDARD = gnu11;
				GCC_DYNAMIC_NO_PIC = NO;
				GCC_NO_COMMON_BLOCKS = YES;
				GCC_OPTIMIZATION_LEVEL = 0;
				GCC_PREPROCESSOR_DEFINITIONS = (
					"DEBUG=1",
					"$(inherited)",
				);
				GCC_WARN_64_TO_32_BIT_CONVERSION = YES;
				GCC_WARN_ABOUT_RETURN_TYPE = YES_ERROR;
				GCC_WARN_UNDECLARED_SELECTOR = YES;
				GCC_WARN_UNINITIALIZED_AUTOS = YES_AGGRESSIVE;
				GCC_WARN_UNUSED_FUNCTION = YES;
				GCC_WARN_UNUSED_VARIABLE = YES;
				IPHONEOS_DEPLOYMENT_TARGET = 13.2;
				MTL_ENABLE_DEBUG_INFO = INCLUDE_SOURCE;
				MTL_FAST_MATH = YES;
				ONLY_ACTIVE_ARCH = YES;
				SDKROOT = iphoneos;
				SWIFT_ACTIVE_COMPILATION_CONDITIONS = DEBUG;
				SWIFT_OPTIMIZATION_LEVEL = "-Onone";
			};
			name = Debug;
		};
		27E0657F240DFD8000BDA1FE /* Release */ = {
			isa = XCBuildConfiguration;
			buildSettings = {
				ALWAYS_SEARCH_USER_PATHS = NO;
				CLANG_ANALYZER_NONNULL = YES;
				CLANG_ANALYZER_NUMBER_OBJECT_CONVERSION = YES_AGGRESSIVE;
				CLANG_CXX_LANGUAGE_STANDARD = "gnu++14";
				CLANG_CXX_LIBRARY = "libc++";
				CLANG_ENABLE_MODULES = YES;
				CLANG_ENABLE_OBJC_ARC = YES;
				CLANG_ENABLE_OBJC_WEAK = YES;
				CLANG_WARN_BLOCK_CAPTURE_AUTORELEASING = YES;
				CLANG_WARN_BOOL_CONVERSION = YES;
				CLANG_WARN_COMMA = YES;
				CLANG_WARN_CONSTANT_CONVERSION = YES;
				CLANG_WARN_DEPRECATED_OBJC_IMPLEMENTATIONS = YES;
				CLANG_WARN_DIRECT_OBJC_ISA_USAGE = YES_ERROR;
				CLANG_WARN_DOCUMENTATION_COMMENTS = YES;
				CLANG_WARN_EMPTY_BODY = YES;
				CLANG_WARN_ENUM_CONVERSION = YES;
				CLANG_WARN_INFINITE_RECURSION = YES;
				CLANG_WARN_INT_CONVERSION = YES;
				CLANG_WARN_NON_LITERAL_NULL_CONVERSION = YES;
				CLANG_WARN_OBJC_IMPLICIT_RETAIN_SELF = YES;
				CLANG_WARN_OBJC_LITERAL_CONVERSION = YES;
				CLANG_WARN_OBJC_ROOT_CLASS = YES_ERROR;
				CLANG_WARN_RANGE_LOOP_ANALYSIS = YES;
				CLANG_WARN_STRICT_PROTOTYPES = YES;
				CLANG_WARN_SUSPICIOUS_MOVE = YES;
				CLANG_WARN_UNGUARDED_AVAILABILITY = YES_AGGRESSIVE;
				CLANG_WARN_UNREACHABLE_CODE = YES;
				CLANG_WARN__DUPLICATE_METHOD_MATCH = YES;
				COPY_PHASE_STRIP = NO;
				DEBUG_INFORMATION_FORMAT = "dwarf-with-dsym";
				ENABLE_NS_ASSERTIONS = NO;
				ENABLE_STRICT_OBJC_MSGSEND = YES;
				GCC_C_LANGUAGE_STANDARD = gnu11;
				GCC_NO_COMMON_BLOCKS = YES;
				GCC_WARN_64_TO_32_BIT_CONVERSION = YES;
				GCC_WARN_ABOUT_RETURN_TYPE = YES_ERROR;
				GCC_WARN_UNDECLARED_SELECTOR = YES;
				GCC_WARN_UNINITIALIZED_AUTOS = YES_AGGRESSIVE;
				GCC_WARN_UNUSED_FUNCTION = YES;
				GCC_WARN_UNUSED_VARIABLE = YES;
				IPHONEOS_DEPLOYMENT_TARGET = 13.2;
				MTL_ENABLE_DEBUG_INFO = NO;
				MTL_FAST_MATH = YES;
				SDKROOT = iphoneos;
				SWIFT_COMPILATION_MODE = wholemodule;
				SWIFT_OPTIMIZATION_LEVEL = "-O";
				VALIDATE_PRODUCT = YES;
			};
			name = Release;
		};
		27E06581240DFD8000BDA1FE /* Debug */ = {
			isa = XCBuildConfiguration;
			buildSettings = {
				ASSETCATALOG_COMPILER_APPICON_NAME = AppIcon;
				CODE_SIGN_STYLE = Automatic;
				DEVELOPMENT_ASSET_PATHS = "\"TextFielExample/Preview Content\"";
				DEVELOPMENT_TEAM = UQGJF7PV8L;
				ENABLE_PREVIEWS = YES;
				INFOPLIST_FILE = TextFielExample/Info.plist;
				LD_RUNPATH_SEARCH_PATHS = (
					"$(inherited)",
					"@executable_path/Frameworks",
				);
				PRODUCT_BUNDLE_IDENTIFIER = jorge.casariego.TextFielExample;
				PRODUCT_NAME = "$(TARGET_NAME)";
				SWIFT_VERSION = 5.0;
				TARGETED_DEVICE_FAMILY = "1,2";
			};
			name = Debug;
		};
		27E06582240DFD8000BDA1FE /* Release */ = {
			isa = XCBuildConfiguration;
			buildSettings = {
				ASSETCATALOG_COMPILER_APPICON_NAME = AppIcon;
				CODE_SIGN_STYLE = Automatic;
				DEVELOPMENT_ASSET_PATHS = "\"TextFielExample/Preview Content\"";
				DEVELOPMENT_TEAM = UQGJF7PV8L;
				ENABLE_PREVIEWS = YES;
				INFOPLIST_FILE = TextFielExample/Info.plist;
				LD_RUNPATH_SEARCH_PATHS = (
					"$(inherited)",
					"@executable_path/Frameworks",
				);
				PRODUCT_BUNDLE_IDENTIFIER = jorge.casariego.TextFielExample;
				PRODUCT_NAME = "$(TARGET_NAME)";
				SWIFT_VERSION = 5.0;
				TARGETED_DEVICE_FAMILY = "1,2";
			};
			name = Release;
		};
/* End XCBuildConfiguration section */

/* Begin XCConfigurationList section */
		27E06567240DFD7E00BDA1FE /* Build configuration list for PBXProject "TextFielExample" */ = {
			isa = XCConfigurationList;
			buildConfigurations = (
				27E0657E240DFD8000BDA1FE /* Debug */,
				27E0657F240DFD8000BDA1FE /* Release */,
			);
			defaultConfigurationIsVisible = 0;
			defaultConfigurationName = Release;
		};
		27E06580240DFD8000BDA1FE /* Build configuration list for PBXNativeTarget "TextFielExample" */ = {
			isa = XCConfigurationList;
			buildConfigurations = (
				27E06581240DFD8000BDA1FE /* Debug */,
				27E06582240DFD8000BDA1FE /* Release */,
			);
			defaultConfigurationIsVisible = 0;
			defaultConfigurationName = Release;
		};
/* End XCConfigurationList section */
	};
	rootObject = 27E06564240DFD7E00BDA1FE /* Project object */;
}
